// !$*UTF8*$!
{
	archiveVersion = 1;
	classes = {
	};
	objectVersion = 56;
	objects = {

/* Begin PBXBuildFile section */
		3050D4C02AEA8EB000D26A87 /* CreateEditStepView.swift in Sources */ = {isa = PBXBuildFile; fileRef = 3050D4BF2AEA8EB000D26A87 /* CreateEditStepView.swift */; };
		3050D4C22AEFED8E00D26A87 /* CreateEditRecipeViewModel.swift in Sources */ = {isa = PBXBuildFile; fileRef = 3050D4C12AEFED8E00D26A87 /* CreateEditRecipeViewModel.swift */; };
		3050D4C52AEFEF5600D26A87 /* CreateEditStepViewModel.swift in Sources */ = {isa = PBXBuildFile; fileRef = 3050D4C42AEFEF5600D26A87 /* CreateEditStepViewModel.swift */; };
		305F2CB32AFE751100AF2AF5 /* DurationPickerView.swift in Sources */ = {isa = PBXBuildFile; fileRef = 305F2CB22AFE751100AF2AF5 /* DurationPickerView.swift */; };
		305F2CB52AFE9AAB00AF2AF5 /* CreateEditIngredientViewModel.swift in Sources */ = {isa = PBXBuildFile; fileRef = 305F2CB42AFE9AAB00AF2AF5 /* CreateEditIngredientViewModel.swift */; };
		3088FE582AFBFEE900AB369C /* CreateEditIngredientView.swift in Sources */ = {isa = PBXBuildFile; fileRef = 3088FE572AFBFEE900AB369C /* CreateEditIngredientView.swift */; };
		30AB481B2AE98C59007EC567 /* PhotoPicker.swift in Sources */ = {isa = PBXBuildFile; fileRef = 30AB481A2AE98C59007EC567 /* PhotoPicker.swift */; };
		30CB53AF2AE84E3C0093A21D /* CreateEditRecipeView.swift in Sources */ = {isa = PBXBuildFile; fileRef = 30CB53AE2AE84E3C0093A21D /* CreateEditRecipeView.swift */; };
		30F09A042AF039CF00C502C2 /* RecipePlayerView.swift in Sources */ = {isa = PBXBuildFile; fileRef = 30F09A032AF039CF00C502C2 /* RecipePlayerView.swift */; };
		30F09A062AF03A5100C502C2 /* RecipePlayerViewModel.swift in Sources */ = {isa = PBXBuildFile; fileRef = 30F09A052AF03A5100C502C2 /* RecipePlayerViewModel.swift */; };
		30F09A082AF2BD8800C502C2 /* TimerComponent.swift in Sources */ = {isa = PBXBuildFile; fileRef = 30F09A072AF2BD8800C502C2 /* TimerComponent.swift */; };
		7B0B67022AF170EA00D6A66C /* RecipesListsView.swift in Sources */ = {isa = PBXBuildFile; fileRef = 7B0B67012AF170EA00D6A66C /* RecipesListsView.swift */; };
		7B0B67042AF1744D00D6A66C /* RecipesListsViewModel.swift in Sources */ = {isa = PBXBuildFile; fileRef = 7B0B67032AF1744D00D6A66C /* RecipesListsViewModel.swift */; };
		7B0B67062AF1748100D6A66C /* ListType.swift in Sources */ = {isa = PBXBuildFile; fileRef = 7B0B67052AF1748100D6A66C /* ListType.swift */; };
		7B1539D82AF01BCD000B372A /* HomeViewModel.swift in Sources */ = {isa = PBXBuildFile; fileRef = 7B1539D72AF01BCD000B372A /* HomeViewModel.swift */; };
		7B1EFD952B068A71001BBE04 /* SearchBarView.swift in Sources */ = {isa = PBXBuildFile; fileRef = 7B1EFD942B068A71001BBE04 /* SearchBarView.swift */; };
		7B1EFD972B06980C001BBE04 /* CustomSearchBar.swift in Sources */ = {isa = PBXBuildFile; fileRef = 7B1EFD962B06980C001BBE04 /* CustomSearchBar.swift */; };
		7B2B6A9B2AE9A98000AFEFFA /* RecipeDetailsViewModel.swift in Sources */ = {isa = PBXBuildFile; fileRef = 7B2B6A9A2AE9A98000AFEFFA /* RecipeDetailsViewModel.swift */; };
		7B2B6A9F2AE9A9DC00AFEFFA /* HomeView.swift in Sources */ = {isa = PBXBuildFile; fileRef = 7B2B6A9E2AE9A9DC00AFEFFA /* HomeView.swift */; };
		7B50B8042AE852B700E00C04 /* RecipeDetailsView.swift in Sources */ = {isa = PBXBuildFile; fileRef = 7B50B8032AE852B700E00C04 /* RecipeDetailsView.swift */; };
		7B9498DB2AF2E2E300323CF9 /* TabBarView.swift in Sources */ = {isa = PBXBuildFile; fileRef = 7B9498DA2AF2E2E300323CF9 /* TabBarView.swift */; };
		7B98BD332AFD4695007E4F76 /* Design Assets.xcassets in Resources */ = {isa = PBXBuildFile; fileRef = 7B98BD312AFD4695007E4F76 /* Design Assets.xcassets */; };
		7BB063E02AE9C4DF0038EEDA /* RecipeCardMini.swift in Sources */ = {isa = PBXBuildFile; fileRef = 7BB063DF2AE9C4DF0038EEDA /* RecipeCardMini.swift */; };
		7BB063E22AEAB2A80038EEDA /* RecipeCardHorizontal.swift in Sources */ = {isa = PBXBuildFile; fileRef = 7BB063E12AEAB2A80038EEDA /* RecipeCardHorizontal.swift */; };
		7BB1448B2AEB098B00F67DD2 /* RecipeCardVerticalSmall.swift in Sources */ = {isa = PBXBuildFile; fileRef = 7BB1448A2AEB098B00F67DD2 /* RecipeCardVerticalSmall.swift */; };
		7BB1448D2AEC0BFA00F67DD2 /* RecipeCardVerticalBig.swift in Sources */ = {isa = PBXBuildFile; fileRef = 7BB1448C2AEC0BFA00F67DD2 /* RecipeCardVerticalBig.swift */; };
		7BDC84062AFD4AD5006F7BF6 /* Tokens.swift in Sources */ = {isa = PBXBuildFile; fileRef = 7BDC84052AFD4AD5006F7BF6 /* Tokens.swift */; };
		7BE0A5A62AFAAE1B004550D5 /* RecipeCardVerticalSmallViewModel.swift in Sources */ = {isa = PBXBuildFile; fileRef = 7BE0A5A52AFAAE1B004550D5 /* RecipeCardVerticalSmallViewModel.swift */; };
		7BE0A5A82AFAAECD004550D5 /* RecipeCardHorizontalViewModel.swift in Sources */ = {isa = PBXBuildFile; fileRef = 7BE0A5A72AFAAECD004550D5 /* RecipeCardHorizontalViewModel.swift */; };
		7BE0A5AA2AFAAF8B004550D5 /* RecipeCardMiniViewModel.swift in Sources */ = {isa = PBXBuildFile; fileRef = 7BE0A5A92AFAAF8B004550D5 /* RecipeCardMiniViewModel.swift */; };
		7BE13DE02B029B7F00DFF8E3 /* KnifeView.swift in Sources */ = {isa = PBXBuildFile; fileRef = 7BE13DDF2B029B7F00DFF8E3 /* KnifeView.swift */; };
		7BE609842AFAA4990031614A /* RecipeCardVerticalBigViewModel.swift in Sources */ = {isa = PBXBuildFile; fileRef = 7BE609832AFAA4990031614A /* RecipeCardVerticalBigViewModel.swift */; };
		7BE615D02B0D1CA400E82BD4 /* SceneDelegate.swift in Sources */ = {isa = PBXBuildFile; fileRef = 7BE615CF2B0D1CA400E82BD4 /* SceneDelegate.swift */; };
		7BF5F8A62B0FE88100DBDE03 /* Speech.swift in Sources */ = {isa = PBXBuildFile; fileRef = 7BF5F8A52B0FE88100DBDE03 /* Speech.swift */; };
		A71E6B5E2AFD4DAA00F89E71 /* CookbookView.swift in Sources */ = {isa = PBXBuildFile; fileRef = A71E6B5D2AFD4DAA00F89E71 /* CookbookView.swift */; };
		A71E6B602AFD62B900F89E71 /* CookbookCard.swift in Sources */ = {isa = PBXBuildFile; fileRef = A71E6B5F2AFD62B900F89E71 /* CookbookCard.swift */; };
		A7271B1E2AEAEB6E00F7CD16 /* CoreDataRepository.swift in Sources */ = {isa = PBXBuildFile; fileRef = A7271B1D2AEAEB6E00F7CD16 /* CoreDataRepository.swift */; };
		A72EA1192B02919E0003008D /* FavoriteButtonStyle.swift in Sources */ = {isa = PBXBuildFile; fileRef = A72EA1182B02919E0003008D /* FavoriteButtonStyle.swift */; };
		A72EA11C2B02A3E90003008D /* SearchView.swift in Sources */ = {isa = PBXBuildFile; fileRef = A72EA11B2B02A3E90003008D /* SearchView.swift */; };
		A73003812B16542200C0D772 /* DefaultRecipesUtility.swift in Sources */ = {isa = PBXBuildFile; fileRef = A73003802B16542200C0D772 /* DefaultRecipesUtility.swift */; };
		A75BE2CD2AFC07DF001C299F /* Tag.swift in Sources */ = {isa = PBXBuildFile; fileRef = A75BE2CC2AFC07DF001C299F /* Tag.swift */; };
		A75BE2CF2AFC0818001C299F /* TagEntityRepresentable.swift in Sources */ = {isa = PBXBuildFile; fileRef = A75BE2CE2AFC0818001C299F /* TagEntityRepresentable.swift */; };
		A77D364C2AEC2CF3008CB1EA /* Repository.swift in Sources */ = {isa = PBXBuildFile; fileRef = A77D364B2AEC2CF3008CB1EA /* Repository.swift */; };
		A77F458A2AFAD56300FDFB43 /* StepEntityRepresentable.swift in Sources */ = {isa = PBXBuildFile; fileRef = A77F45892AFAD56300FDFB43 /* StepEntityRepresentable.swift */; };
		A77F458C2AFAD67900FDFB43 /* IngredientEntityRepresentable.swift in Sources */ = {isa = PBXBuildFile; fileRef = A77F458B2AFAD67900FDFB43 /* IngredientEntityRepresentable.swift */; };
		A77F458E2AFAD79A00FDFB43 /* CookbookEntityRepresentable.swift in Sources */ = {isa = PBXBuildFile; fileRef = A77F458D2AFAD79A00FDFB43 /* CookbookEntityRepresentable.swift */; };
		A785B5442AE1C3A0002E1D1F /* GourmetusApp.swift in Sources */ = {isa = PBXBuildFile; fileRef = A785B5432AE1C3A0002E1D1F /* GourmetusApp.swift */; };
		A785B5482AE1C3A2002E1D1F /* Assets.xcassets in Resources */ = {isa = PBXBuildFile; fileRef = A785B5472AE1C3A2002E1D1F /* Assets.xcassets */; };
		A785B54B2AE1C3A2002E1D1F /* Preview Assets.xcassets in Resources */ = {isa = PBXBuildFile; fileRef = A785B54A2AE1C3A2002E1D1F /* Preview Assets.xcassets */; };
		A785B54D2AE1C3A2002E1D1F /* Persistence.swift in Sources */ = {isa = PBXBuildFile; fileRef = A785B54C2AE1C3A2002E1D1F /* Persistence.swift */; };
		A7CA1AF02AFAD09100BF334D /* EntityRepresentation.swift in Sources */ = {isa = PBXBuildFile; fileRef = A7CA1AEF2AFAD09100BF334D /* EntityRepresentation.swift */; };
		A7CA1AF22AFAD11700BF334D /* DependencyInjection.swift in Sources */ = {isa = PBXBuildFile; fileRef = A7CA1AF12AFAD11700BF334D /* DependencyInjection.swift */; };
		A7CA1AF42AFAD12B00BF334D /* AppDelegate.swift in Sources */ = {isa = PBXBuildFile; fileRef = A7CA1AF32AFAD12B00BF334D /* AppDelegate.swift */; };
		A7CA1AF72AFAD28F00BF334D /* RecipeEntityRepresentable.swift in Sources */ = {isa = PBXBuildFile; fileRef = A7CA1AF62AFAD28F00BF334D /* RecipeEntityRepresentable.swift */; };
		A7F16B1A2AE832DA00F3ADF3 /* Gourmetus.xcdatamodeld in Sources */ = {isa = PBXBuildFile; fileRef = A7F16B182AE832DA00F3ADF3 /* Gourmetus.xcdatamodeld */; };
		A7F16B2B2AE837C000F3ADF3 /* Recipe.swift in Sources */ = {isa = PBXBuildFile; fileRef = A7F16B2A2AE837C000F3ADF3 /* Recipe.swift */; };
		A7F16B312AE8394100F3ADF3 /* Step.swift in Sources */ = {isa = PBXBuildFile; fileRef = A7F16B302AE8394100F3ADF3 /* Step.swift */; };
		A7F16B342AE83A1A00F3ADF3 /* Ingredient.swift in Sources */ = {isa = PBXBuildFile; fileRef = A7F16B332AE83A1A00F3ADF3 /* Ingredient.swift */; };
		A7F16B362AE83B0300F3ADF3 /* Constants.swift in Sources */ = {isa = PBXBuildFile; fileRef = A7F16B352AE83B0300F3ADF3 /* Constants.swift */; };
		CE22A9702AFC06760064EEAB /* TagView.swift in Sources */ = {isa = PBXBuildFile; fileRef = CE22A96F2AFC06760064EEAB /* TagView.swift */; };
		CE22A9722AFD5C000064EEAB /* ResizableTagGroup.swift in Sources */ = {isa = PBXBuildFile; fileRef = CE22A9712AFD5C000064EEAB /* ResizableTagGroup.swift */; };
		CE4265A82AE856A400FBD85B /* Cookbook.swift in Sources */ = {isa = PBXBuildFile; fileRef = CE4265A72AE856A400FBD85B /* Cookbook.swift */; };
		CE7F24CE2AF040F9004065C8 /* TimerNotification.swift in Sources */ = {isa = PBXBuildFile; fileRef = CE7F24CD2AF040F9004065C8 /* TimerNotification.swift */; };
		CEF1414D2AE9A41300370031 /* ConfirmationPopUp.swift in Sources */ = {isa = PBXBuildFile; fileRef = CEF1414C2AE9A41300370031 /* ConfirmationPopUp.swift */; };
/* End PBXBuildFile section */

/* Begin PBXFileReference section */
		3050D4BF2AEA8EB000D26A87 /* CreateEditStepView.swift */ = {isa = PBXFileReference; lastKnownFileType = sourcecode.swift; path = CreateEditStepView.swift; sourceTree = "<group>"; };
		3050D4C12AEFED8E00D26A87 /* CreateEditRecipeViewModel.swift */ = {isa = PBXFileReference; lastKnownFileType = sourcecode.swift; path = CreateEditRecipeViewModel.swift; sourceTree = "<group>"; };
		3050D4C42AEFEF5600D26A87 /* CreateEditStepViewModel.swift */ = {isa = PBXFileReference; lastKnownFileType = sourcecode.swift; path = CreateEditStepViewModel.swift; sourceTree = "<group>"; };
		305F2CB22AFE751100AF2AF5 /* DurationPickerView.swift */ = {isa = PBXFileReference; lastKnownFileType = sourcecode.swift; path = DurationPickerView.swift; sourceTree = "<group>"; };
		305F2CB42AFE9AAB00AF2AF5 /* CreateEditIngredientViewModel.swift */ = {isa = PBXFileReference; lastKnownFileType = sourcecode.swift; path = CreateEditIngredientViewModel.swift; sourceTree = "<group>"; };
		3088FE572AFBFEE900AB369C /* CreateEditIngredientView.swift */ = {isa = PBXFileReference; lastKnownFileType = sourcecode.swift; path = CreateEditIngredientView.swift; sourceTree = "<group>"; };
		30AB481A2AE98C59007EC567 /* PhotoPicker.swift */ = {isa = PBXFileReference; lastKnownFileType = sourcecode.swift; path = PhotoPicker.swift; sourceTree = "<group>"; };
		30CB53AE2AE84E3C0093A21D /* CreateEditRecipeView.swift */ = {isa = PBXFileReference; lastKnownFileType = sourcecode.swift; path = CreateEditRecipeView.swift; sourceTree = "<group>"; };
		30F09A032AF039CF00C502C2 /* RecipePlayerView.swift */ = {isa = PBXFileReference; lastKnownFileType = sourcecode.swift; path = RecipePlayerView.swift; sourceTree = "<group>"; };
		30F09A052AF03A5100C502C2 /* RecipePlayerViewModel.swift */ = {isa = PBXFileReference; lastKnownFileType = sourcecode.swift; path = RecipePlayerViewModel.swift; sourceTree = "<group>"; };
		30F09A072AF2BD8800C502C2 /* TimerComponent.swift */ = {isa = PBXFileReference; lastKnownFileType = sourcecode.swift; path = TimerComponent.swift; sourceTree = "<group>"; };
		7B0B67012AF170EA00D6A66C /* RecipesListsView.swift */ = {isa = PBXFileReference; lastKnownFileType = sourcecode.swift; path = RecipesListsView.swift; sourceTree = "<group>"; };
		7B0B67032AF1744D00D6A66C /* RecipesListsViewModel.swift */ = {isa = PBXFileReference; lastKnownFileType = sourcecode.swift; path = RecipesListsViewModel.swift; sourceTree = "<group>"; };
		7B0B67052AF1748100D6A66C /* ListType.swift */ = {isa = PBXFileReference; lastKnownFileType = sourcecode.swift; path = ListType.swift; sourceTree = "<group>"; };
		7B1539D72AF01BCD000B372A /* HomeViewModel.swift */ = {isa = PBXFileReference; lastKnownFileType = sourcecode.swift; path = HomeViewModel.swift; sourceTree = "<group>"; };
		7B1EFD942B068A71001BBE04 /* SearchBarView.swift */ = {isa = PBXFileReference; lastKnownFileType = sourcecode.swift; path = SearchBarView.swift; sourceTree = "<group>"; };
		7B1EFD962B06980C001BBE04 /* CustomSearchBar.swift */ = {isa = PBXFileReference; lastKnownFileType = sourcecode.swift; path = CustomSearchBar.swift; sourceTree = "<group>"; };
		7B2B6A9A2AE9A98000AFEFFA /* RecipeDetailsViewModel.swift */ = {isa = PBXFileReference; lastKnownFileType = sourcecode.swift; path = RecipeDetailsViewModel.swift; sourceTree = "<group>"; };
		7B2B6A9E2AE9A9DC00AFEFFA /* HomeView.swift */ = {isa = PBXFileReference; lastKnownFileType = sourcecode.swift; path = HomeView.swift; sourceTree = "<group>"; };
		7B50B8032AE852B700E00C04 /* RecipeDetailsView.swift */ = {isa = PBXFileReference; lastKnownFileType = sourcecode.swift; path = RecipeDetailsView.swift; sourceTree = "<group>"; };
		7B9498DA2AF2E2E300323CF9 /* TabBarView.swift */ = {isa = PBXFileReference; lastKnownFileType = sourcecode.swift; path = TabBarView.swift; sourceTree = "<group>"; };
		7B98BD312AFD4695007E4F76 /* Design Assets.xcassets */ = {isa = PBXFileReference; lastKnownFileType = folder.assetcatalog; path = "Design Assets.xcassets"; sourceTree = "<group>"; };
		7BB063DF2AE9C4DF0038EEDA /* RecipeCardMini.swift */ = {isa = PBXFileReference; lastKnownFileType = sourcecode.swift; path = RecipeCardMini.swift; sourceTree = "<group>"; };
		7BB063E12AEAB2A80038EEDA /* RecipeCardHorizontal.swift */ = {isa = PBXFileReference; lastKnownFileType = sourcecode.swift; path = RecipeCardHorizontal.swift; sourceTree = "<group>"; };
		7BB1448A2AEB098B00F67DD2 /* RecipeCardVerticalSmall.swift */ = {isa = PBXFileReference; lastKnownFileType = sourcecode.swift; path = RecipeCardVerticalSmall.swift; sourceTree = "<group>"; };
		7BB1448C2AEC0BFA00F67DD2 /* RecipeCardVerticalBig.swift */ = {isa = PBXFileReference; lastKnownFileType = sourcecode.swift; path = RecipeCardVerticalBig.swift; sourceTree = "<group>"; };
		7BDC84052AFD4AD5006F7BF6 /* Tokens.swift */ = {isa = PBXFileReference; fileEncoding = 4; lastKnownFileType = sourcecode.swift; path = Tokens.swift; sourceTree = "<group>"; };
		7BE0A5A52AFAAE1B004550D5 /* RecipeCardVerticalSmallViewModel.swift */ = {isa = PBXFileReference; lastKnownFileType = sourcecode.swift; path = RecipeCardVerticalSmallViewModel.swift; sourceTree = "<group>"; };
		7BE0A5A72AFAAECD004550D5 /* RecipeCardHorizontalViewModel.swift */ = {isa = PBXFileReference; lastKnownFileType = sourcecode.swift; path = RecipeCardHorizontalViewModel.swift; sourceTree = "<group>"; };
		7BE0A5A92AFAAF8B004550D5 /* RecipeCardMiniViewModel.swift */ = {isa = PBXFileReference; lastKnownFileType = sourcecode.swift; path = RecipeCardMiniViewModel.swift; sourceTree = "<group>"; };
		7BE13DDF2B029B7F00DFF8E3 /* KnifeView.swift */ = {isa = PBXFileReference; lastKnownFileType = sourcecode.swift; path = KnifeView.swift; sourceTree = "<group>"; };
		7BE609832AFAA4990031614A /* RecipeCardVerticalBigViewModel.swift */ = {isa = PBXFileReference; lastKnownFileType = sourcecode.swift; path = RecipeCardVerticalBigViewModel.swift; sourceTree = "<group>"; };
		7BE615CF2B0D1CA400E82BD4 /* SceneDelegate.swift */ = {isa = PBXFileReference; lastKnownFileType = sourcecode.swift; path = SceneDelegate.swift; sourceTree = "<group>"; };
		7BF5F8A52B0FE88100DBDE03 /* Speech.swift */ = {isa = PBXFileReference; lastKnownFileType = sourcecode.swift; path = Speech.swift; sourceTree = "<group>"; };
		A71E6B5D2AFD4DAA00F89E71 /* CookbookView.swift */ = {isa = PBXFileReference; lastKnownFileType = sourcecode.swift; path = CookbookView.swift; sourceTree = "<group>"; };
		A71E6B5F2AFD62B900F89E71 /* CookbookCard.swift */ = {isa = PBXFileReference; lastKnownFileType = sourcecode.swift; path = CookbookCard.swift; sourceTree = "<group>"; };
		A7271B1D2AEAEB6E00F7CD16 /* CoreDataRepository.swift */ = {isa = PBXFileReference; lastKnownFileType = sourcecode.swift; path = CoreDataRepository.swift; sourceTree = "<group>"; };
		A72EA1182B02919E0003008D /* FavoriteButtonStyle.swift */ = {isa = PBXFileReference; lastKnownFileType = sourcecode.swift; path = FavoriteButtonStyle.swift; sourceTree = "<group>"; };
		A72EA11B2B02A3E90003008D /* SearchView.swift */ = {isa = PBXFileReference; lastKnownFileType = sourcecode.swift; path = SearchView.swift; sourceTree = "<group>"; };
		A73003802B16542200C0D772 /* DefaultRecipesUtility.swift */ = {isa = PBXFileReference; lastKnownFileType = sourcecode.swift; path = DefaultRecipesUtility.swift; sourceTree = "<group>"; };
		A75BE2CC2AFC07DF001C299F /* Tag.swift */ = {isa = PBXFileReference; lastKnownFileType = sourcecode.swift; path = Tag.swift; sourceTree = "<group>"; };
		A75BE2CE2AFC0818001C299F /* TagEntityRepresentable.swift */ = {isa = PBXFileReference; lastKnownFileType = sourcecode.swift; path = TagEntityRepresentable.swift; sourceTree = "<group>"; };
		A77D364B2AEC2CF3008CB1EA /* Repository.swift */ = {isa = PBXFileReference; lastKnownFileType = sourcecode.swift; path = Repository.swift; sourceTree = "<group>"; };
		A77F45892AFAD56300FDFB43 /* StepEntityRepresentable.swift */ = {isa = PBXFileReference; lastKnownFileType = sourcecode.swift; path = StepEntityRepresentable.swift; sourceTree = "<group>"; };
		A77F458B2AFAD67900FDFB43 /* IngredientEntityRepresentable.swift */ = {isa = PBXFileReference; lastKnownFileType = sourcecode.swift; path = IngredientEntityRepresentable.swift; sourceTree = "<group>"; };
		A77F458D2AFAD79A00FDFB43 /* CookbookEntityRepresentable.swift */ = {isa = PBXFileReference; lastKnownFileType = sourcecode.swift; path = CookbookEntityRepresentable.swift; sourceTree = "<group>"; };
		A785B5402AE1C3A0002E1D1F /* Gourmetus.app */ = {isa = PBXFileReference; explicitFileType = wrapper.application; includeInIndex = 0; path = Gourmetus.app; sourceTree = BUILT_PRODUCTS_DIR; };
		A785B5432AE1C3A0002E1D1F /* GourmetusApp.swift */ = {isa = PBXFileReference; lastKnownFileType = sourcecode.swift; path = GourmetusApp.swift; sourceTree = "<group>"; };
		A785B5472AE1C3A2002E1D1F /* Assets.xcassets */ = {isa = PBXFileReference; lastKnownFileType = folder.assetcatalog; path = Assets.xcassets; sourceTree = "<group>"; };
		A785B54A2AE1C3A2002E1D1F /* Preview Assets.xcassets */ = {isa = PBXFileReference; lastKnownFileType = folder.assetcatalog; path = "Preview Assets.xcassets"; sourceTree = "<group>"; };
		A785B54C2AE1C3A2002E1D1F /* Persistence.swift */ = {isa = PBXFileReference; lastKnownFileType = sourcecode.swift; path = Persistence.swift; sourceTree = "<group>"; };
		A785B5512AE1C3A2002E1D1F /* Gourmetus.entitlements */ = {isa = PBXFileReference; lastKnownFileType = text.plist.entitlements; path = Gourmetus.entitlements; sourceTree = "<group>"; };
		A785B5522AE1C3A2002E1D1F /* Info.plist */ = {isa = PBXFileReference; lastKnownFileType = text.plist.xml; path = Info.plist; sourceTree = "<group>"; };
		A7CA1AEF2AFAD09100BF334D /* EntityRepresentation.swift */ = {isa = PBXFileReference; lastKnownFileType = sourcecode.swift; path = EntityRepresentation.swift; sourceTree = "<group>"; };
		A7CA1AF12AFAD11700BF334D /* DependencyInjection.swift */ = {isa = PBXFileReference; lastKnownFileType = sourcecode.swift; path = DependencyInjection.swift; sourceTree = "<group>"; };
		A7CA1AF32AFAD12B00BF334D /* AppDelegate.swift */ = {isa = PBXFileReference; lastKnownFileType = sourcecode.swift; path = AppDelegate.swift; sourceTree = "<group>"; };
		A7CA1AF62AFAD28F00BF334D /* RecipeEntityRepresentable.swift */ = {isa = PBXFileReference; lastKnownFileType = sourcecode.swift; path = RecipeEntityRepresentable.swift; sourceTree = "<group>"; };
		A7F16B192AE832DA00F3ADF3 /* Gourmetus.xcdatamodel */ = {isa = PBXFileReference; lastKnownFileType = wrapper.xcdatamodel; path = Gourmetus.xcdatamodel; sourceTree = "<group>"; };
		A7F16B2A2AE837C000F3ADF3 /* Recipe.swift */ = {isa = PBXFileReference; lastKnownFileType = sourcecode.swift; path = Recipe.swift; sourceTree = "<group>"; };
		A7F16B302AE8394100F3ADF3 /* Step.swift */ = {isa = PBXFileReference; lastKnownFileType = sourcecode.swift; path = Step.swift; sourceTree = "<group>"; };
		A7F16B332AE83A1A00F3ADF3 /* Ingredient.swift */ = {isa = PBXFileReference; lastKnownFileType = sourcecode.swift; path = Ingredient.swift; sourceTree = "<group>"; };
		A7F16B352AE83B0300F3ADF3 /* Constants.swift */ = {isa = PBXFileReference; lastKnownFileType = sourcecode.swift; path = Constants.swift; sourceTree = "<group>"; };
		CE22A96F2AFC06760064EEAB /* TagView.swift */ = {isa = PBXFileReference; fileEncoding = 4; lastKnownFileType = sourcecode.swift; path = TagView.swift; sourceTree = "<group>"; };
		CE22A9712AFD5C000064EEAB /* ResizableTagGroup.swift */ = {isa = PBXFileReference; lastKnownFileType = sourcecode.swift; path = ResizableTagGroup.swift; sourceTree = "<group>"; };
		CE4265A72AE856A400FBD85B /* Cookbook.swift */ = {isa = PBXFileReference; lastKnownFileType = sourcecode.swift; path = Cookbook.swift; sourceTree = "<group>"; };
		CE7F24CD2AF040F9004065C8 /* TimerNotification.swift */ = {isa = PBXFileReference; lastKnownFileType = sourcecode.swift; path = TimerNotification.swift; sourceTree = "<group>"; };
		CEF1414C2AE9A41300370031 /* ConfirmationPopUp.swift */ = {isa = PBXFileReference; lastKnownFileType = sourcecode.swift; path = ConfirmationPopUp.swift; sourceTree = "<group>"; };
/* End PBXFileReference section */

/* Begin PBXFrameworksBuildPhase section */
		A785B53D2AE1C3A0002E1D1F /* Frameworks */ = {
			isa = PBXFrameworksBuildPhase;
			buildActionMask = 2147483647;
			files = (
			);
			runOnlyForDeploymentPostprocessing = 0;
		};
/* End PBXFrameworksBuildPhase section */

/* Begin PBXGroup section */
		3050D4C32AEFEE3000D26A87 /* Helpers */ = {
			isa = PBXGroup;
			children = (
				CE7F24CD2AF040F9004065C8 /* TimerNotification.swift */,
				30AB481A2AE98C59007EC567 /* PhotoPicker.swift */,
				7BF5F8A52B0FE88100DBDE03 /* Speech.swift */,
			);
			path = Helpers;
			sourceTree = "<group>";
		};
		305F2CB12AFE74F900AF2AF5 /* Duration */ = {
			isa = PBXGroup;
			children = (
				305F2CB22AFE751100AF2AF5 /* DurationPickerView.swift */,
			);
			path = Duration;
			sourceTree = "<group>";
		};
		30F09A022AF039AB00C502C2 /* Player */ = {
			isa = PBXGroup;
			children = (
				30F09A032AF039CF00C502C2 /* RecipePlayerView.swift */,
				30F09A052AF03A5100C502C2 /* RecipePlayerViewModel.swift */,
				30F09A072AF2BD8800C502C2 /* TimerComponent.swift */,
			);
			path = Player;
			sourceTree = "<group>";
		};
		7B2B6A992AE9A96C00AFEFFA /* Details */ = {
			isa = PBXGroup;
			children = (
				7B50B8032AE852B700E00C04 /* RecipeDetailsView.swift */,
				7B2B6A9A2AE9A98000AFEFFA /* RecipeDetailsViewModel.swift */,
			);
			path = Details;
			sourceTree = "<group>";
		};
		7B50B8022AE8527200E00C04 /* Lists */ = {
			isa = PBXGroup;
			children = (
				7B0B67052AF1748100D6A66C /* ListType.swift */,
				7B0B67012AF170EA00D6A66C /* RecipesListsView.swift */,
				7B0B67032AF1744D00D6A66C /* RecipesListsViewModel.swift */,
			);
			path = Lists;
			sourceTree = "<group>";
		};
		7BDC84042AFD4AC2006F7BF6 /* Design System */ = {
			isa = PBXGroup;
			children = (
				7BDC84052AFD4AD5006F7BF6 /* Tokens.swift */,
			);
			path = "Design System";
			sourceTree = "<group>";
		};
		7BE6097E2AF584F20031614A /* Components */ = {
			isa = PBXGroup;
			children = (
				7BE6097F2AF585050031614A /* RecipeCard */,
				CEF1414C2AE9A41300370031 /* ConfirmationPopUp.swift */,
				CE22A96F2AFC06760064EEAB /* TagView.swift */,
				A72EA1182B02919E0003008D /* FavoriteButtonStyle.swift */,
				7BE13DDF2B029B7F00DFF8E3 /* KnifeView.swift */,
				7B1EFD942B068A71001BBE04 /* SearchBarView.swift */,
				7B1EFD962B06980C001BBE04 /* CustomSearchBar.swift */,
			);
			path = Components;
			sourceTree = "<group>";
		};
		7BE6097F2AF585050031614A /* RecipeCard */ = {
			isa = PBXGroup;
			children = (
				7BB063DF2AE9C4DF0038EEDA /* RecipeCardMini.swift */,
				7BE0A5A92AFAAF8B004550D5 /* RecipeCardMiniViewModel.swift */,
				7BB063E12AEAB2A80038EEDA /* RecipeCardHorizontal.swift */,
				7BE0A5A72AFAAECD004550D5 /* RecipeCardHorizontalViewModel.swift */,
				7BB1448A2AEB098B00F67DD2 /* RecipeCardVerticalSmall.swift */,
				7BE0A5A52AFAAE1B004550D5 /* RecipeCardVerticalSmallViewModel.swift */,
				7BB1448C2AEC0BFA00F67DD2 /* RecipeCardVerticalBig.swift */,
				7BE609832AFAA4990031614A /* RecipeCardVerticalBigViewModel.swift */,
			);
			path = RecipeCard;
			sourceTree = "<group>";
		};
		7BE609802AF588F30031614A /* CreateEdit */ = {
			isa = PBXGroup;
			children = (
				3050D4C12AEFED8E00D26A87 /* CreateEditRecipeViewModel.swift */,
				30CB53AE2AE84E3C0093A21D /* CreateEditRecipeView.swift */,
			);
			path = CreateEdit;
			sourceTree = "<group>";
		};
		7BE609812AF589800031614A /* App */ = {
			isa = PBXGroup;
			children = (
				A7F16B352AE83B0300F3ADF3 /* Constants.swift */,
				A785B5432AE1C3A0002E1D1F /* GourmetusApp.swift */,
				A785B54C2AE1C3A2002E1D1F /* Persistence.swift */,
				A7CA1AF12AFAD11700BF334D /* DependencyInjection.swift */,
				A7CA1AF32AFAD12B00BF334D /* AppDelegate.swift */,
				CE22A9712AFD5C000064EEAB /* ResizableTagGroup.swift */,
				7BE615CF2B0D1CA400E82BD4 /* SceneDelegate.swift */,
			);
			path = App;
			sourceTree = "<group>";
		};
		7BE609822AF58A040031614A /* Home */ = {
			isa = PBXGroup;
			children = (
				7B1539D72AF01BCD000B372A /* HomeViewModel.swift */,
				7B2B6A9E2AE9A9DC00AFEFFA /* HomeView.swift */,
				7B9498DA2AF2E2E300323CF9 /* TabBarView.swift */,
			);
			path = Home;
			sourceTree = "<group>";
		};
		A72EA11A2B02A3DC0003008D /* Search */ = {
			isa = PBXGroup;
			children = (
				A72EA11B2B02A3E90003008D /* SearchView.swift */,
			);
			path = Search;
			sourceTree = "<group>";
		};
		A75BE2CA2AFC0103001C299F /* CoreData */ = {
			isa = PBXGroup;
			children = (
				A7F16B182AE832DA00F3ADF3 /* Gourmetus.xcdatamodeld */,
				A7271B1D2AEAEB6E00F7CD16 /* CoreDataRepository.swift */,
			);
			path = CoreData;
			sourceTree = "<group>";
		};
		A75BE2CB2AFC07CE001C299F /* Tag */ = {
			isa = PBXGroup;
			children = (
				A75BE2CC2AFC07DF001C299F /* Tag.swift */,
			);
			path = Tag;
			sourceTree = "<group>";
		};
		A785B5372AE1C3A0002E1D1F = {
			isa = PBXGroup;
			children = (
				A785B5422AE1C3A0002E1D1F /* Gourmetus */,
				A785B5412AE1C3A0002E1D1F /* Products */,
			);
			sourceTree = "<group>";
		};
		A785B5412AE1C3A0002E1D1F /* Products */ = {
			isa = PBXGroup;
			children = (
				A785B5402AE1C3A0002E1D1F /* Gourmetus.app */,
			);
			name = Products;
			sourceTree = "<group>";
		};
		A785B5422AE1C3A0002E1D1F /* Gourmetus */ = {
			isa = PBXGroup;
			children = (
				A72EA11A2B02A3DC0003008D /* Search */,
				305F2CB12AFE74F900AF2AF5 /* Duration */,
				7BDC84042AFD4AC2006F7BF6 /* Design System */,
				A7CA1AEE2AFAD06000BF334D /* Database */,
				30F09A022AF039AB00C502C2 /* Player */,
				3050D4C32AEFEE3000D26A87 /* Helpers */,
				CE4265A62AE8562E00FBD85B /* Cookbook */,
				A7F16B322AE83A0D00F3ADF3 /* Ingredient */,
				A7F16B2F2AE8392900F3ADF3 /* Step */,
				A7F16B1B2AE833F900F3ADF3 /* Recipe */,
				A75BE2CB2AFC07CE001C299F /* Tag */,
				7BE6097E2AF584F20031614A /* Components */,
				7BE609822AF58A040031614A /* Home */,
				7BE609812AF589800031614A /* App */,
				A785B5472AE1C3A2002E1D1F /* Assets.xcassets */,
				A785B5512AE1C3A2002E1D1F /* Gourmetus.entitlements */,
				A785B5522AE1C3A2002E1D1F /* Info.plist */,
				7B98BD312AFD4695007E4F76 /* Design Assets.xcassets */,
				A785B5492AE1C3A2002E1D1F /* Preview Content */,
			);
			path = Gourmetus;
			sourceTree = "<group>";
		};
		A785B5492AE1C3A2002E1D1F /* Preview Content */ = {
			isa = PBXGroup;
			children = (
				A785B54A2AE1C3A2002E1D1F /* Preview Assets.xcassets */,
			);
			path = "Preview Content";
			sourceTree = "<group>";
		};
		A7CA1AEE2AFAD06000BF334D /* Database */ = {
			isa = PBXGroup;
			children = (
				A77D364B2AEC2CF3008CB1EA /* Repository.swift */,
				A7CA1AF52AFAD1AA00BF334D /* EntityRepresentable */,
				A75BE2CA2AFC0103001C299F /* CoreData */,
				A73003802B16542200C0D772 /* DefaultRecipesUtility.swift */,
			);
			path = Database;
			sourceTree = "<group>";
		};
		A7CA1AF52AFAD1AA00BF334D /* EntityRepresentable */ = {
			isa = PBXGroup;
			children = (
				A7CA1AEF2AFAD09100BF334D /* EntityRepresentation.swift */,
				A7CA1AF62AFAD28F00BF334D /* RecipeEntityRepresentable.swift */,
				A77F45892AFAD56300FDFB43 /* StepEntityRepresentable.swift */,
				A77F458B2AFAD67900FDFB43 /* IngredientEntityRepresentable.swift */,
				A77F458D2AFAD79A00FDFB43 /* CookbookEntityRepresentable.swift */,
				A75BE2CE2AFC0818001C299F /* TagEntityRepresentable.swift */,
			);
			path = EntityRepresentable;
			sourceTree = "<group>";
		};
		A7F16B1B2AE833F900F3ADF3 /* Recipe */ = {
			isa = PBXGroup;
			children = (
				A7F16B2A2AE837C000F3ADF3 /* Recipe.swift */,
				7B2B6A992AE9A96C00AFEFFA /* Details */,
				7B50B8022AE8527200E00C04 /* Lists */,
				7BE609802AF588F30031614A /* CreateEdit */,
			);
			path = Recipe;
			sourceTree = "<group>";
		};
		A7F16B2F2AE8392900F3ADF3 /* Step */ = {
			isa = PBXGroup;
			children = (
				A7F16B302AE8394100F3ADF3 /* Step.swift */,
				3050D4BF2AEA8EB000D26A87 /* CreateEditStepView.swift */,
				3050D4C42AEFEF5600D26A87 /* CreateEditStepViewModel.swift */,
			);
			path = Step;
			sourceTree = "<group>";
		};
		A7F16B322AE83A0D00F3ADF3 /* Ingredient */ = {
			isa = PBXGroup;
			children = (
				3088FE572AFBFEE900AB369C /* CreateEditIngredientView.swift */,
				A7F16B332AE83A1A00F3ADF3 /* Ingredient.swift */,
				305F2CB42AFE9AAB00AF2AF5 /* CreateEditIngredientViewModel.swift */,
			);
			path = Ingredient;
			sourceTree = "<group>";
		};
		CE4265A62AE8562E00FBD85B /* Cookbook */ = {
			isa = PBXGroup;
			children = (
				CE4265A72AE856A400FBD85B /* Cookbook.swift */,
				A71E6B5D2AFD4DAA00F89E71 /* CookbookView.swift */,
				A71E6B5F2AFD62B900F89E71 /* CookbookCard.swift */,
			);
			path = Cookbook;
			sourceTree = "<group>";
		};
/* End PBXGroup section */

/* Begin PBXNativeTarget section */
		A785B53F2AE1C3A0002E1D1F /* Gourmetus */ = {
			isa = PBXNativeTarget;
			buildConfigurationList = A785B5552AE1C3A2002E1D1F /* Build configuration list for PBXNativeTarget "Gourmetus" */;
			buildPhases = (
				A785B53C2AE1C3A0002E1D1F /* Sources */,
				A785B53D2AE1C3A0002E1D1F /* Frameworks */,
				A785B53E2AE1C3A0002E1D1F /* Resources */,
			);
			buildRules = (
			);
			dependencies = (
			);
			name = Gourmetus;
			productName = Gourmetus;
			productReference = A785B5402AE1C3A0002E1D1F /* Gourmetus.app */;
			productType = "com.apple.product-type.application";
		};
/* End PBXNativeTarget section */

/* Begin PBXProject section */
		A785B5382AE1C3A0002E1D1F /* Project object */ = {
			isa = PBXProject;
			attributes = {
				BuildIndependentTargetsInParallel = 1;
				LastSwiftUpdateCheck = 1500;
				LastUpgradeCheck = 1500;
				TargetAttributes = {
					A785B53F2AE1C3A0002E1D1F = {
						CreatedOnToolsVersion = 15.0;
					};
				};
			};
			buildConfigurationList = A785B53B2AE1C3A0002E1D1F /* Build configuration list for PBXProject "Gourmetus" */;
			compatibilityVersion = "Xcode 14.0";
			developmentRegion = en;
			hasScannedForEncodings = 0;
			knownRegions = (
				en,
				Base,
				"pt-BR",
			);
			mainGroup = A785B5372AE1C3A0002E1D1F;
			productRefGroup = A785B5412AE1C3A0002E1D1F /* Products */;
			projectDirPath = "";
			projectRoot = "";
			targets = (
				A785B53F2AE1C3A0002E1D1F /* Gourmetus */,
			);
		};
/* End PBXProject section */

/* Begin PBXResourcesBuildPhase section */
		A785B53E2AE1C3A0002E1D1F /* Resources */ = {
			isa = PBXResourcesBuildPhase;
			buildActionMask = 2147483647;
			files = (
				7B98BD332AFD4695007E4F76 /* Design Assets.xcassets in Resources */,
				A785B54B2AE1C3A2002E1D1F /* Preview Assets.xcassets in Resources */,
				A785B5482AE1C3A2002E1D1F /* Assets.xcassets in Resources */,
			);
			runOnlyForDeploymentPostprocessing = 0;
		};
/* End PBXResourcesBuildPhase section */

/* Begin PBXSourcesBuildPhase section */
		A785B53C2AE1C3A0002E1D1F /* Sources */ = {
			isa = PBXSourcesBuildPhase;
			buildActionMask = 2147483647;
			files = (
				305F2CB32AFE751100AF2AF5 /* DurationPickerView.swift in Sources */,
				30AB481B2AE98C59007EC567 /* PhotoPicker.swift in Sources */,
				7BE13DE02B029B7F00DFF8E3 /* KnifeView.swift in Sources */,
				A7CA1AF72AFAD28F00BF334D /* RecipeEntityRepresentable.swift in Sources */,
				A7F16B312AE8394100F3ADF3 /* Step.swift in Sources */,
				3050D4C02AEA8EB000D26A87 /* CreateEditStepView.swift in Sources */,
				7BE0A5A62AFAAE1B004550D5 /* RecipeCardVerticalSmallViewModel.swift in Sources */,
				A77F458A2AFAD56300FDFB43 /* StepEntityRepresentable.swift in Sources */,
				A73003812B16542200C0D772 /* DefaultRecipesUtility.swift in Sources */,
				7BF5F8A62B0FE88100DBDE03 /* Speech.swift in Sources */,
				A72EA1192B02919E0003008D /* FavoriteButtonStyle.swift in Sources */,
				30CB53AF2AE84E3C0093A21D /* CreateEditRecipeView.swift in Sources */,
				3050D4C22AEFED8E00D26A87 /* CreateEditRecipeViewModel.swift in Sources */,
				7BE0A5AA2AFAAF8B004550D5 /* RecipeCardMiniViewModel.swift in Sources */,
				7BB1448D2AEC0BFA00F67DD2 /* RecipeCardVerticalBig.swift in Sources */,
				A75BE2CF2AFC0818001C299F /* TagEntityRepresentable.swift in Sources */,
				CE4265A82AE856A400FBD85B /* Cookbook.swift in Sources */,
				A7F16B312AE8394100F3ADF3 /* Step.swift in Sources */,
				7BE609842AFAA4990031614A /* RecipeCardVerticalBigViewModel.swift in Sources */,
				7B0B67062AF1748100D6A66C /* ListType.swift in Sources */,
				7BDC84062AFD4AD5006F7BF6 /* Tokens.swift in Sources */,
				7B1539D82AF01BCD000B372A /* HomeViewModel.swift in Sources */,
				CE22A9722AFD5C000064EEAB /* ResizableTagGroup.swift in Sources */,
				A785B54D2AE1C3A2002E1D1F /* Persistence.swift in Sources */,
				30F09A062AF03A5100C502C2 /* RecipePlayerViewModel.swift in Sources */,
				7BB063E22AEAB2A80038EEDA /* RecipeCardHorizontal.swift in Sources */,
				7B2B6A9F2AE9A9DC00AFEFFA /* HomeView.swift in Sources */,
				A7271B1E2AEAEB6E00F7CD16 /* CoreDataRepository.swift in Sources */,
				A7F16B1A2AE832DA00F3ADF3 /* Gourmetus.xcdatamodeld in Sources */,
				7B9498DB2AF2E2E300323CF9 /* TabBarView.swift in Sources */,
				A7CA1AF42AFAD12B00BF334D /* AppDelegate.swift in Sources */,
				CE7F24CE2AF040F9004065C8 /* TimerNotification.swift in Sources */,
				7B2B6A9B2AE9A98000AFEFFA /* RecipeDetailsViewModel.swift in Sources */,
				7B1EFD952B068A71001BBE04 /* SearchBarView.swift in Sources */,
				30F09A082AF2BD8800C502C2 /* TimerComponent.swift in Sources */,
				CE22A9702AFC06760064EEAB /* TagView.swift in Sources */,
				30F09A042AF039CF00C502C2 /* RecipePlayerView.swift in Sources */,
				7BE615D02B0D1CA400E82BD4 /* SceneDelegate.swift in Sources */,
				A7F16B342AE83A1A00F3ADF3 /* Ingredient.swift in Sources */,
				7B0B67022AF170EA00D6A66C /* RecipesListsView.swift in Sources */,
				7B0B67042AF1744D00D6A66C /* RecipesListsViewModel.swift in Sources */,
				7BB1448B2AEB098B00F67DD2 /* RecipeCardVerticalSmall.swift in Sources */,
				305F2CB52AFE9AAB00AF2AF5 /* CreateEditIngredientViewModel.swift in Sources */,
				A7CA1AF22AFAD11700BF334D /* DependencyInjection.swift in Sources */,
				A77F458E2AFAD79A00FDFB43 /* CookbookEntityRepresentable.swift in Sources */,
				A77D364C2AEC2CF3008CB1EA /* Repository.swift in Sources */,
				7BE0A5A82AFAAECD004550D5 /* RecipeCardHorizontalViewModel.swift in Sources */,
				A785B5442AE1C3A0002E1D1F /* GourmetusApp.swift in Sources */,
				3088FE582AFBFEE900AB369C /* CreateEditIngredientView.swift in Sources */,
				7B50B8042AE852B700E00C04 /* RecipeDetailsView.swift in Sources */,
				7BB063E02AE9C4DF0038EEDA /* RecipeCardMini.swift in Sources */,
				A7F16B2B2AE837C000F3ADF3 /* Recipe.swift in Sources */,
				3050D4C52AEFEF5600D26A87 /* CreateEditStepViewModel.swift in Sources */,
				A7CA1AF02AFAD09100BF334D /* EntityRepresentation.swift in Sources */,
				A7F16B362AE83B0300F3ADF3 /* Constants.swift in Sources */,
				A75BE2CD2AFC07DF001C299F /* Tag.swift in Sources */,
				A77F458C2AFAD67900FDFB43 /* IngredientEntityRepresentable.swift in Sources */,
				A72EA11C2B02A3E90003008D /* SearchView.swift in Sources */,
				7B1EFD972B06980C001BBE04 /* CustomSearchBar.swift in Sources */,
				CEF1414D2AE9A41300370031 /* ConfirmationPopUp.swift in Sources */,
				A71E6B5E2AFD4DAA00F89E71 /* CookbookView.swift in Sources */,
				A71E6B602AFD62B900F89E71 /* CookbookCard.swift in Sources */,
			);
			runOnlyForDeploymentPostprocessing = 0;
		};
/* End PBXSourcesBuildPhase section */

/* Begin XCBuildConfiguration section */
		A785B5532AE1C3A2002E1D1F /* Debug */ = {
			isa = XCBuildConfiguration;
			buildSettings = {
				ALWAYS_SEARCH_USER_PATHS = NO;
				ASSETCATALOG_COMPILER_GENERATE_SWIFT_ASSET_SYMBOL_EXTENSIONS = YES;
				CLANG_ANALYZER_NONNULL = YES;
				CLANG_ANALYZER_NUMBER_OBJECT_CONVERSION = YES_AGGRESSIVE;
				CLANG_CXX_LANGUAGE_STANDARD = "gnu++20";
				CLANG_ENABLE_MODULES = YES;
				CLANG_ENABLE_OBJC_ARC = YES;
				CLANG_ENABLE_OBJC_WEAK = YES;
				CLANG_WARN_BLOCK_CAPTURE_AUTORELEASING = YES;
				CLANG_WARN_BOOL_CONVERSION = YES;
				CLANG_WARN_COMMA = YES;
				CLANG_WARN_CONSTANT_CONVERSION = YES;
				CLANG_WARN_DEPRECATED_OBJC_IMPLEMENTATIONS = YES;
				CLANG_WARN_DIRECT_OBJC_ISA_USAGE = YES_ERROR;
				CLANG_WARN_DOCUMENTATION_COMMENTS = YES;
				CLANG_WARN_EMPTY_BODY = YES;
				CLANG_WARN_ENUM_CONVERSION = YES;
				CLANG_WARN_INFINITE_RECURSION = YES;
				CLANG_WARN_INT_CONVERSION = YES;
				CLANG_WARN_NON_LITERAL_NULL_CONVERSION = YES;
				CLANG_WARN_OBJC_IMPLICIT_RETAIN_SELF = YES;
				CLANG_WARN_OBJC_LITERAL_CONVERSION = YES;
				CLANG_WARN_OBJC_ROOT_CLASS = YES_ERROR;
				CLANG_WARN_QUOTED_INCLUDE_IN_FRAMEWORK_HEADER = YES;
				CLANG_WARN_RANGE_LOOP_ANALYSIS = YES;
				CLANG_WARN_STRICT_PROTOTYPES = YES;
				CLANG_WARN_SUSPICIOUS_MOVE = YES;
				CLANG_WARN_UNGUARDED_AVAILABILITY = YES_AGGRESSIVE;
				CLANG_WARN_UNREACHABLE_CODE = YES;
				CLANG_WARN__DUPLICATE_METHOD_MATCH = YES;
				COPY_PHASE_STRIP = NO;
				DEBUG_INFORMATION_FORMAT = dwarf;
				ENABLE_STRICT_OBJC_MSGSEND = YES;
				ENABLE_TESTABILITY = YES;
				ENABLE_USER_SCRIPT_SANDBOXING = YES;
				GCC_C_LANGUAGE_STANDARD = gnu17;
				GCC_DYNAMIC_NO_PIC = NO;
				GCC_NO_COMMON_BLOCKS = YES;
				GCC_OPTIMIZATION_LEVEL = 0;
				GCC_PREPROCESSOR_DEFINITIONS = (
					"DEBUG=1",
					"$(inherited)",
				);
				GCC_WARN_64_TO_32_BIT_CONVERSION = YES;
				GCC_WARN_ABOUT_RETURN_TYPE = YES_ERROR;
				GCC_WARN_UNDECLARED_SELECTOR = YES;
				GCC_WARN_UNINITIALIZED_AUTOS = YES_AGGRESSIVE;
				GCC_WARN_UNUSED_FUNCTION = YES;
				GCC_WARN_UNUSED_VARIABLE = YES;
				IPHONEOS_DEPLOYMENT_TARGET = 17.0;
				LOCALIZATION_PREFERS_STRING_CATALOGS = YES;
				MTL_ENABLE_DEBUG_INFO = INCLUDE_SOURCE;
				MTL_FAST_MATH = YES;
				ONLY_ACTIVE_ARCH = YES;
				SDKROOT = iphoneos;
				SWIFT_ACTIVE_COMPILATION_CONDITIONS = "DEBUG $(inherited)";
				SWIFT_OPTIMIZATION_LEVEL = "-Onone";
			};
			name = Debug;
		};
		A785B5542AE1C3A2002E1D1F /* Release */ = {
			isa = XCBuildConfiguration;
			buildSettings = {
				ALWAYS_SEARCH_USER_PATHS = NO;
				ASSETCATALOG_COMPILER_GENERATE_SWIFT_ASSET_SYMBOL_EXTENSIONS = YES;
				CLANG_ANALYZER_NONNULL = YES;
				CLANG_ANALYZER_NUMBER_OBJECT_CONVERSION = YES_AGGRESSIVE;
				CLANG_CXX_LANGUAGE_STANDARD = "gnu++20";
				CLANG_ENABLE_MODULES = YES;
				CLANG_ENABLE_OBJC_ARC = YES;
				CLANG_ENABLE_OBJC_WEAK = YES;
				CLANG_WARN_BLOCK_CAPTURE_AUTORELEASING = YES;
				CLANG_WARN_BOOL_CONVERSION = YES;
				CLANG_WARN_COMMA = YES;
				CLANG_WARN_CONSTANT_CONVERSION = YES;
				CLANG_WARN_DEPRECATED_OBJC_IMPLEMENTATIONS = YES;
				CLANG_WARN_DIRECT_OBJC_ISA_USAGE = YES_ERROR;
				CLANG_WARN_DOCUMENTATION_COMMENTS = YES;
				CLANG_WARN_EMPTY_BODY = YES;
				CLANG_WARN_ENUM_CONVERSION = YES;
				CLANG_WARN_INFINITE_RECURSION = YES;
				CLANG_WARN_INT_CONVERSION = YES;
				CLANG_WARN_NON_LITERAL_NULL_CONVERSION = YES;
				CLANG_WARN_OBJC_IMPLICIT_RETAIN_SELF = YES;
				CLANG_WARN_OBJC_LITERAL_CONVERSION = YES;
				CLANG_WARN_OBJC_ROOT_CLASS = YES_ERROR;
				CLANG_WARN_QUOTED_INCLUDE_IN_FRAMEWORK_HEADER = YES;
				CLANG_WARN_RANGE_LOOP_ANALYSIS = YES;
				CLANG_WARN_STRICT_PROTOTYPES = YES;
				CLANG_WARN_SUSPICIOUS_MOVE = YES;
				CLANG_WARN_UNGUARDED_AVAILABILITY = YES_AGGRESSIVE;
				CLANG_WARN_UNREACHABLE_CODE = YES;
				CLANG_WARN__DUPLICATE_METHOD_MATCH = YES;
				COPY_PHASE_STRIP = NO;
				DEBUG_INFORMATION_FORMAT = "dwarf-with-dsym";
				ENABLE_NS_ASSERTIONS = NO;
				ENABLE_STRICT_OBJC_MSGSEND = YES;
				ENABLE_USER_SCRIPT_SANDBOXING = YES;
				GCC_C_LANGUAGE_STANDARD = gnu17;
				GCC_NO_COMMON_BLOCKS = YES;
				GCC_WARN_64_TO_32_BIT_CONVERSION = YES;
				GCC_WARN_ABOUT_RETURN_TYPE = YES_ERROR;
				GCC_WARN_UNDECLARED_SELECTOR = YES;
				GCC_WARN_UNINITIALIZED_AUTOS = YES_AGGRESSIVE;
				GCC_WARN_UNUSED_FUNCTION = YES;
				GCC_WARN_UNUSED_VARIABLE = YES;
				IPHONEOS_DEPLOYMENT_TARGET = 17.0;
				LOCALIZATION_PREFERS_STRING_CATALOGS = YES;
				MTL_ENABLE_DEBUG_INFO = NO;
				MTL_FAST_MATH = YES;
				SDKROOT = iphoneos;
				SWIFT_COMPILATION_MODE = wholemodule;
				VALIDATE_PRODUCT = YES;
			};
			name = Release;
		};
		A785B5562AE1C3A2002E1D1F /* Debug */ = {
			isa = XCBuildConfiguration;
			buildSettings = {
				ASSETCATALOG_COMPILER_APPICON_NAME = AppIcon;
				ASSETCATALOG_COMPILER_GLOBAL_ACCENT_COLOR_NAME = brandOrange;
				CODE_SIGN_ENTITLEMENTS = Gourmetus/Gourmetus.entitlements;
				CODE_SIGN_STYLE = Automatic;
				CURRENT_PROJECT_VERSION = 1;
				DEVELOPMENT_ASSET_PATHS = "\"Gourmetus/Preview Content\"";
				DEVELOPMENT_TEAM = RU3T8G764D;
				ENABLE_PREVIEWS = YES;
				GENERATE_INFOPLIST_FILE = YES;
				INFOPLIST_FILE = Gourmetus/Info.plist;
				INFOPLIST_KEY_NSMicrophoneUsageDescription = "Please allow the app to use the microphone";
				INFOPLIST_KEY_NSSpeechRecognitionUsageDescription = "Please allow the app to use the speech recognition";
				INFOPLIST_KEY_UIApplicationSceneManifest_Generation = YES;
				INFOPLIST_KEY_UIApplicationSupportsIndirectInputEvents = YES;
				INFOPLIST_KEY_UILaunchScreen_Generation = YES;
				INFOPLIST_KEY_UISupportedInterfaceOrientations_iPad = "UIInterfaceOrientationPortrait UIInterfaceOrientationPortraitUpsideDown UIInterfaceOrientationLandscapeLeft UIInterfaceOrientationLandscapeRight";
				INFOPLIST_KEY_UISupportedInterfaceOrientations_iPhone = "UIInterfaceOrientationPortrait UIInterfaceOrientationLandscapeLeft UIInterfaceOrientationLandscapeRight";
				IPHONEOS_DEPLOYMENT_TARGET = 16.0;
				LD_RUNPATH_SEARCH_PATHS = (
					"$(inherited)",
					"@executable_path/Frameworks",
				);
				MARKETING_VERSION = 1.0;
				PRODUCT_BUNDLE_IDENTIFIER = com.dev.thiagoo;
				PRODUCT_NAME = "$(TARGET_NAME)";
				SWIFT_EMIT_LOC_STRINGS = YES;
				SWIFT_VERSION = 5.0;
				TARGETED_DEVICE_FAMILY = "1,2";
			};
			name = Debug;
		};
		A785B5572AE1C3A2002E1D1F /* Release */ = {
			isa = XCBuildConfiguration;
			buildSettings = {
				ASSETCATALOG_COMPILER_APPICON_NAME = AppIcon;
				ASSETCATALOG_COMPILER_GLOBAL_ACCENT_COLOR_NAME = brandOrange;
				CODE_SIGN_ENTITLEMENTS = Gourmetus/Gourmetus.entitlements;
				CODE_SIGN_STYLE = Automatic;
				CURRENT_PROJECT_VERSION = 1;
				DEVELOPMENT_ASSET_PATHS = "\"Gourmetus/Preview Content\"";
				DEVELOPMENT_TEAM = RU3T8G764D;
				ENABLE_PREVIEWS = YES;
				GENERATE_INFOPLIST_FILE = YES;
				INFOPLIST_FILE = Gourmetus/Info.plist;
				INFOPLIST_KEY_NSMicrophoneUsageDescription = "Please allow the app to use the microphone";
				INFOPLIST_KEY_NSSpeechRecognitionUsageDescription = "Please allow the app to use the speech recognition";
				INFOPLIST_KEY_UIApplicationSceneManifest_Generation = YES;
				INFOPLIST_KEY_UIApplicationSupportsIndirectInputEvents = YES;
				INFOPLIST_KEY_UILaunchScreen_Generation = YES;
				INFOPLIST_KEY_UISupportedInterfaceOrientations_iPad = "UIInterfaceOrientationPortrait UIInterfaceOrientationPortraitUpsideDown UIInterfaceOrientationLandscapeLeft UIInterfaceOrientationLandscapeRight";
				INFOPLIST_KEY_UISupportedInterfaceOrientations_iPhone = "UIInterfaceOrientationPortrait UIInterfaceOrientationLandscapeLeft UIInterfaceOrientationLandscapeRight";
				IPHONEOS_DEPLOYMENT_TARGET = 16.0;
				LD_RUNPATH_SEARCH_PATHS = (
					"$(inherited)",
					"@executable_path/Frameworks",
				);
				MARKETING_VERSION = 1.0;
				PRODUCT_BUNDLE_IDENTIFIER = com.dev.thiagoo;
				PRODUCT_NAME = "$(TARGET_NAME)";
				SWIFT_EMIT_LOC_STRINGS = YES;
				SWIFT_VERSION = 5.0;
				TARGETED_DEVICE_FAMILY = "1,2";
			};
			name = Release;
		};
/* End XCBuildConfiguration section */

/* Begin XCConfigurationList section */
		A785B53B2AE1C3A0002E1D1F /* Build configuration list for PBXProject "Gourmetus" */ = {
			isa = XCConfigurationList;
			buildConfigurations = (
				A785B5532AE1C3A2002E1D1F /* Debug */,
				A785B5542AE1C3A2002E1D1F /* Release */,
			);
			defaultConfigurationIsVisible = 0;
			defaultConfigurationName = Release;
		};
		A785B5552AE1C3A2002E1D1F /* Build configuration list for PBXNativeTarget "Gourmetus" */ = {
			isa = XCConfigurationList;
			buildConfigurations = (
				A785B5562AE1C3A2002E1D1F /* Debug */,
				A785B5572AE1C3A2002E1D1F /* Release */,
			);
			defaultConfigurationIsVisible = 0;
			defaultConfigurationName = Release;
		};
/* End XCConfigurationList section */

/* Begin XCVersionGroup section */
		A7F16B182AE832DA00F3ADF3 /* Gourmetus.xcdatamodeld */ = {
			isa = XCVersionGroup;
			children = (
				A7F16B192AE832DA00F3ADF3 /* Gourmetus.xcdatamodel */,
			);
			currentVersion = A7F16B192AE832DA00F3ADF3 /* Gourmetus.xcdatamodel */;
			path = Gourmetus.xcdatamodeld;
			sourceTree = "<group>";
			versionGroupType = wrapper.xcdatamodel;
		};
/* End XCVersionGroup section */
	};
	rootObject = A785B5382AE1C3A0002E1D1F /* Project object */;
}
