// !$*UTF8*$!
{
	archiveVersion = 1;
	classes = {
	};
	objectVersion = 56;
	objects = {

/* Begin PBXBuildFile section */
		3050D4C02AEA8EB000D26A87 /* CreateEditStepView.swift in Sources */ = {isa = PBXBuildFile; fileRef = 3050D4BF2AEA8EB000D26A87 /* CreateEditStepView.swift */; };
		3050D4C22AEFED8E00D26A87 /* CreateEditRecipeViewModel.swift in Sources */ = {isa = PBXBuildFile; fileRef = 3050D4C12AEFED8E00D26A87 /* CreateEditRecipeViewModel.swift */; };
		3050D4C52AEFEF5600D26A87 /* CreateEditStepViewModel.swift in Sources */ = {isa = PBXBuildFile; fileRef = 3050D4C42AEFEF5600D26A87 /* CreateEditStepViewModel.swift */; };
		30AB481B2AE98C59007EC567 /* PhotoPicker.swift in Sources */ = {isa = PBXBuildFile; fileRef = 30AB481A2AE98C59007EC567 /* PhotoPicker.swift */; };
		30CB53AF2AE84E3C0093A21D /* CreateEditRecipeView.swift in Sources */ = {isa = PBXBuildFile; fileRef = 30CB53AE2AE84E3C0093A21D /* CreateEditRecipeView.swift */; };
		A785B5442AE1C3A0002E1D1F /* GourmetusApp.swift in Sources */ = {isa = PBXBuildFile; fileRef = A785B5432AE1C3A0002E1D1F /* GourmetusApp.swift */; };
		A785B5462AE1C3A0002E1D1F /* ContentView.swift in Sources */ = {isa = PBXBuildFile; fileRef = A785B5452AE1C3A0002E1D1F /* ContentView.swift */; };
		A785B5482AE1C3A2002E1D1F /* Assets.xcassets in Resources */ = {isa = PBXBuildFile; fileRef = A785B5472AE1C3A2002E1D1F /* Assets.xcassets */; };
		A785B54B2AE1C3A2002E1D1F /* Preview Assets.xcassets in Resources */ = {isa = PBXBuildFile; fileRef = A785B54A2AE1C3A2002E1D1F /* Preview Assets.xcassets */; };
		A785B54D2AE1C3A2002E1D1F /* Persistence.swift in Sources */ = {isa = PBXBuildFile; fileRef = A785B54C2AE1C3A2002E1D1F /* Persistence.swift */; };
		A7F16B1A2AE832DA00F3ADF3 /* Gourmetus.xcdatamodeld in Sources */ = {isa = PBXBuildFile; fileRef = A7F16B182AE832DA00F3ADF3 /* Gourmetus.xcdatamodeld */; };
		A7F16B212AE8341700F3ADF3 /* CoreData.swift in Sources */ = {isa = PBXBuildFile; fileRef = A7F16B1E2AE8341700F3ADF3 /* CoreData.swift */; };
		A7F16B222AE8341700F3ADF3 /* DataSource.swift in Sources */ = {isa = PBXBuildFile; fileRef = A7F16B1F2AE8341700F3ADF3 /* DataSource.swift */; };
		A7F16B232AE8341700F3ADF3 /* DataPersistance.swift in Sources */ = {isa = PBXBuildFile; fileRef = A7F16B202AE8341700F3ADF3 /* DataPersistance.swift */; };
		A7F16B292AE8371600F3ADF3 /* RecipeDataSource.swift in Sources */ = {isa = PBXBuildFile; fileRef = A7F16B282AE8371600F3ADF3 /* RecipeDataSource.swift */; };
		A7F16B2B2AE837C000F3ADF3 /* RecipeModel.swift in Sources */ = {isa = PBXBuildFile; fileRef = A7F16B2A2AE837C000F3ADF3 /* RecipeModel.swift */; };
		A7F16B312AE8394100F3ADF3 /* StepModel.swift in Sources */ = {isa = PBXBuildFile; fileRef = A7F16B302AE8394100F3ADF3 /* StepModel.swift */; };
		A7F16B342AE83A1A00F3ADF3 /* IngredientModel.swift in Sources */ = {isa = PBXBuildFile; fileRef = A7F16B332AE83A1A00F3ADF3 /* IngredientModel.swift */; };
		A7F16B362AE83B0300F3ADF3 /* Constants.swift in Sources */ = {isa = PBXBuildFile; fileRef = A7F16B352AE83B0300F3ADF3 /* Constants.swift */; };
/* End PBXBuildFile section */

/* Begin PBXFileReference section */
		3050D4BF2AEA8EB000D26A87 /* CreateEditStepView.swift */ = {isa = PBXFileReference; lastKnownFileType = sourcecode.swift; path = CreateEditStepView.swift; sourceTree = "<group>"; };
		3050D4C12AEFED8E00D26A87 /* CreateEditRecipeViewModel.swift */ = {isa = PBXFileReference; lastKnownFileType = sourcecode.swift; path = CreateEditRecipeViewModel.swift; sourceTree = "<group>"; };
		3050D4C42AEFEF5600D26A87 /* CreateEditStepViewModel.swift */ = {isa = PBXFileReference; lastKnownFileType = sourcecode.swift; path = CreateEditStepViewModel.swift; sourceTree = "<group>"; };
		30AB481A2AE98C59007EC567 /* PhotoPicker.swift */ = {isa = PBXFileReference; lastKnownFileType = sourcecode.swift; path = PhotoPicker.swift; sourceTree = "<group>"; };
		30CB53AE2AE84E3C0093A21D /* CreateEditRecipeView.swift */ = {isa = PBXFileReference; lastKnownFileType = sourcecode.swift; path = CreateEditRecipeView.swift; sourceTree = "<group>"; };
		A785B5402AE1C3A0002E1D1F /* Gourmetus.app */ = {isa = PBXFileReference; explicitFileType = wrapper.application; includeInIndex = 0; path = Gourmetus.app; sourceTree = BUILT_PRODUCTS_DIR; };
		A785B5432AE1C3A0002E1D1F /* GourmetusApp.swift */ = {isa = PBXFileReference; lastKnownFileType = sourcecode.swift; path = GourmetusApp.swift; sourceTree = "<group>"; };
		A785B5452AE1C3A0002E1D1F /* ContentView.swift */ = {isa = PBXFileReference; lastKnownFileType = sourcecode.swift; path = ContentView.swift; sourceTree = "<group>"; };
		A785B5472AE1C3A2002E1D1F /* Assets.xcassets */ = {isa = PBXFileReference; lastKnownFileType = folder.assetcatalog; path = Assets.xcassets; sourceTree = "<group>"; };
		A785B54A2AE1C3A2002E1D1F /* Preview Assets.xcassets */ = {isa = PBXFileReference; lastKnownFileType = folder.assetcatalog; path = "Preview Assets.xcassets"; sourceTree = "<group>"; };
		A785B54C2AE1C3A2002E1D1F /* Persistence.swift */ = {isa = PBXFileReference; lastKnownFileType = sourcecode.swift; path = Persistence.swift; sourceTree = "<group>"; };
		A785B5512AE1C3A2002E1D1F /* Gourmetus.entitlements */ = {isa = PBXFileReference; lastKnownFileType = text.plist.entitlements; path = Gourmetus.entitlements; sourceTree = "<group>"; };
		A785B5522AE1C3A2002E1D1F /* Info.plist */ = {isa = PBXFileReference; lastKnownFileType = text.plist.xml; path = Info.plist; sourceTree = "<group>"; };
		A7F16B192AE832DA00F3ADF3 /* Gourmetus.xcdatamodel */ = {isa = PBXFileReference; lastKnownFileType = wrapper.xcdatamodel; path = Gourmetus.xcdatamodel; sourceTree = "<group>"; };
		A7F16B1E2AE8341700F3ADF3 /* CoreData.swift */ = {isa = PBXFileReference; fileEncoding = 4; lastKnownFileType = sourcecode.swift; path = CoreData.swift; sourceTree = "<group>"; };
		A7F16B1F2AE8341700F3ADF3 /* DataSource.swift */ = {isa = PBXFileReference; fileEncoding = 4; lastKnownFileType = sourcecode.swift; path = DataSource.swift; sourceTree = "<group>"; };
		A7F16B202AE8341700F3ADF3 /* DataPersistance.swift */ = {isa = PBXFileReference; fileEncoding = 4; lastKnownFileType = sourcecode.swift; path = DataPersistance.swift; sourceTree = "<group>"; };
		A7F16B282AE8371600F3ADF3 /* RecipeDataSource.swift */ = {isa = PBXFileReference; lastKnownFileType = sourcecode.swift; path = RecipeDataSource.swift; sourceTree = "<group>"; };
		A7F16B2A2AE837C000F3ADF3 /* RecipeModel.swift */ = {isa = PBXFileReference; lastKnownFileType = sourcecode.swift; path = RecipeModel.swift; sourceTree = "<group>"; };
		A7F16B302AE8394100F3ADF3 /* StepModel.swift */ = {isa = PBXFileReference; lastKnownFileType = sourcecode.swift; path = StepModel.swift; sourceTree = "<group>"; };
		A7F16B332AE83A1A00F3ADF3 /* IngredientModel.swift */ = {isa = PBXFileReference; lastKnownFileType = sourcecode.swift; path = IngredientModel.swift; sourceTree = "<group>"; };
		A7F16B352AE83B0300F3ADF3 /* Constants.swift */ = {isa = PBXFileReference; lastKnownFileType = sourcecode.swift; path = Constants.swift; sourceTree = "<group>"; };
/* End PBXFileReference section */

/* Begin PBXFrameworksBuildPhase section */
		A785B53D2AE1C3A0002E1D1F /* Frameworks */ = {
			isa = PBXFrameworksBuildPhase;
			buildActionMask = 2147483647;
			files = (
			);
			runOnlyForDeploymentPostprocessing = 0;
		};
/* End PBXFrameworksBuildPhase section */

/* Begin PBXGroup section */
		3050D4C32AEFEE3000D26A87 /* Helpers */ = {
			isa = PBXGroup;
			children = (
				30AB481A2AE98C59007EC567 /* PhotoPicker.swift */,
			);
			path = Helpers;
			sourceTree = "<group>";
		};
		A785B5372AE1C3A0002E1D1F = {
			isa = PBXGroup;
			children = (
				A785B5422AE1C3A0002E1D1F /* Gourmetus */,
				A785B5412AE1C3A0002E1D1F /* Products */,
			);
			sourceTree = "<group>";
		};
		A785B5412AE1C3A0002E1D1F /* Products */ = {
			isa = PBXGroup;
			children = (
				A785B5402AE1C3A0002E1D1F /* Gourmetus.app */,
			);
			name = Products;
			sourceTree = "<group>";
		};
		A785B5422AE1C3A0002E1D1F /* Gourmetus */ = {
			isa = PBXGroup;
			children = (
				3050D4C32AEFEE3000D26A87 /* Helpers */,
				A7F16B322AE83A0D00F3ADF3 /* Ingredient */,
				A7F16B1C2AE8341700F3ADF3 /* Protocols */,
				A7F16B2F2AE8392900F3ADF3 /* Step */,
				A7F16B1B2AE833F900F3ADF3 /* Recipe */,
				A785B5432AE1C3A0002E1D1F /* GourmetusApp.swift */,
				A785B5452AE1C3A0002E1D1F /* ContentView.swift */,
				A785B5472AE1C3A2002E1D1F /* Assets.xcassets */,
				A785B54C2AE1C3A2002E1D1F /* Persistence.swift */,
				A785B5512AE1C3A2002E1D1F /* Gourmetus.entitlements */,
				A785B5522AE1C3A2002E1D1F /* Info.plist */,
				A7F16B182AE832DA00F3ADF3 /* Gourmetus.xcdatamodeld */,
				A785B5492AE1C3A2002E1D1F /* Preview Content */,
				A7F16B352AE83B0300F3ADF3 /* Constants.swift */,
			);
			path = Gourmetus;
			sourceTree = "<group>";
		};
		A785B5492AE1C3A2002E1D1F /* Preview Content */ = {
			isa = PBXGroup;
			children = (
				A785B54A2AE1C3A2002E1D1F /* Preview Assets.xcassets */,
			);
			path = "Preview Content";
			sourceTree = "<group>";
		};
		A7F16B1B2AE833F900F3ADF3 /* Recipe */ = {
			isa = PBXGroup;
			children = (
				A7F16B282AE8371600F3ADF3 /* RecipeDataSource.swift */,
				A7F16B2A2AE837C000F3ADF3 /* RecipeModel.swift */,
				30CB53AE2AE84E3C0093A21D /* CreateEditRecipeView.swift */,
				3050D4C12AEFED8E00D26A87 /* CreateEditRecipeViewModel.swift */,
			);
			path = Recipe;
			sourceTree = "<group>";
		};
		A7F16B1C2AE8341700F3ADF3 /* Protocols */ = {
			isa = PBXGroup;
			children = (
				A7F16B1D2AE8341700F3ADF3 /* Data */,
			);
			path = Protocols;
			sourceTree = "<group>";
		};
		A7F16B1D2AE8341700F3ADF3 /* Data */ = {
			isa = PBXGroup;
			children = (
				A7F16B1E2AE8341700F3ADF3 /* CoreData.swift */,
				A7F16B1F2AE8341700F3ADF3 /* DataSource.swift */,
				A7F16B202AE8341700F3ADF3 /* DataPersistance.swift */,
			);
			path = Data;
			sourceTree = "<group>";
		};
		A7F16B2F2AE8392900F3ADF3 /* Step */ = {
			isa = PBXGroup;
			children = (
				A7F16B302AE8394100F3ADF3 /* StepModel.swift */,
				3050D4BF2AEA8EB000D26A87 /* CreateEditStepView.swift */,
				3050D4C42AEFEF5600D26A87 /* CreateEditStepViewModel.swift */,
			);
			path = Step;
			sourceTree = "<group>";
		};
		A7F16B322AE83A0D00F3ADF3 /* Ingredient */ = {
			isa = PBXGroup;
			children = (
				A7F16B332AE83A1A00F3ADF3 /* IngredientModel.swift */,
			);
			path = Ingredient;
			sourceTree = "<group>";
		};
/* End PBXGroup section */

/* Begin PBXNativeTarget section */
		A785B53F2AE1C3A0002E1D1F /* Gourmetus */ = {
			isa = PBXNativeTarget;
			buildConfigurationList = A785B5552AE1C3A2002E1D1F /* Build configuration list for PBXNativeTarget "Gourmetus" */;
			buildPhases = (
				A785B53C2AE1C3A0002E1D1F /* Sources */,
				A785B53D2AE1C3A0002E1D1F /* Frameworks */,
				A785B53E2AE1C3A0002E1D1F /* Resources */,
			);
			buildRules = (
			);
			dependencies = (
			);
			name = Gourmetus;
			productName = Gourmetus;
			productReference = A785B5402AE1C3A0002E1D1F /* Gourmetus.app */;
			productType = "com.apple.product-type.application";
		};
/* End PBXNativeTarget section */

/* Begin PBXProject section */
		A785B5382AE1C3A0002E1D1F /* Project object */ = {
			isa = PBXProject;
			attributes = {
				BuildIndependentTargetsInParallel = 1;
				LastSwiftUpdateCheck = 1500;
				LastUpgradeCheck = 1500;
				TargetAttributes = {
					A785B53F2AE1C3A0002E1D1F = {
						CreatedOnToolsVersion = 15.0;
					};
				};
			};
			buildConfigurationList = A785B53B2AE1C3A0002E1D1F /* Build configuration list for PBXProject "Gourmetus" */;
			compatibilityVersion = "Xcode 14.0";
			developmentRegion = en;
			hasScannedForEncodings = 0;
			knownRegions = (
				en,
				Base,
			);
			mainGroup = A785B5372AE1C3A0002E1D1F;
			productRefGroup = A785B5412AE1C3A0002E1D1F /* Products */;
			projectDirPath = "";
			projectRoot = "";
			targets = (
				A785B53F2AE1C3A0002E1D1F /* Gourmetus */,
			);
		};
/* End PBXProject section */

/* Begin PBXResourcesBuildPhase section */
		A785B53E2AE1C3A0002E1D1F /* Resources */ = {
			isa = PBXResourcesBuildPhase;
			buildActionMask = 2147483647;
			files = (
				A785B54B2AE1C3A2002E1D1F /* Preview Assets.xcassets in Resources */,
				A785B5482AE1C3A2002E1D1F /* Assets.xcassets in Resources */,
			);
			runOnlyForDeploymentPostprocessing = 0;
		};
/* End PBXResourcesBuildPhase section */

/* Begin PBXSourcesBuildPhase section */
		A785B53C2AE1C3A0002E1D1F /* Sources */ = {
			isa = PBXSourcesBuildPhase;
			buildActionMask = 2147483647;
			files = (
				30AB481B2AE98C59007EC567 /* PhotoPicker.swift in Sources */,
				A7F16B222AE8341700F3ADF3 /* DataSource.swift in Sources */,
				A7F16B312AE8394100F3ADF3 /* StepModel.swift in Sources */,
				3050D4C02AEA8EB000D26A87 /* CreateEditStepView.swift in Sources */,
				A785B54D2AE1C3A2002E1D1F /* Persistence.swift in Sources */,
				A7F16B232AE8341700F3ADF3 /* DataPersistance.swift in Sources */,
				30CB53AF2AE84E3C0093A21D /* CreateEditRecipeView.swift in Sources */,
				A7F16B1A2AE832DA00F3ADF3 /* Gourmetus.xcdatamodeld in Sources */,
				3050D4C22AEFED8E00D26A87 /* CreateEditRecipeViewModel.swift in Sources */,
				A7F16B292AE8371600F3ADF3 /* RecipeDataSource.swift in Sources */,
				A7F16B342AE83A1A00F3ADF3 /* IngredientModel.swift in Sources */,
				A785B5462AE1C3A0002E1D1F /* ContentView.swift in Sources */,
				A785B5442AE1C3A0002E1D1F /* GourmetusApp.swift in Sources */,
				A7F16B212AE8341700F3ADF3 /* CoreData.swift in Sources */,
				A7F16B2B2AE837C000F3ADF3 /* RecipeModel.swift in Sources */,
				3050D4C52AEFEF5600D26A87 /* CreateEditStepViewModel.swift in Sources */,
				A7F16B362AE83B0300F3ADF3 /* Constants.swift in Sources */,
			);
			runOnlyForDeploymentPostprocessing = 0;
		};
/* End PBXSourcesBuildPhase section */

/* Begin XCBuildConfiguration section */
		A785B5532AE1C3A2002E1D1F /* Debug */ = {
			isa = XCBuildConfiguration;
			buildSettings = {
				ALWAYS_SEARCH_USER_PATHS = NO;
				ASSETCATALOG_COMPILER_GENERATE_SWIFT_ASSET_SYMBOL_EXTENSIONS = YES;
				CLANG_ANALYZER_NONNULL = YES;
				CLANG_ANALYZER_NUMBER_OBJECT_CONVERSION = YES_AGGRESSIVE;
				CLANG_CXX_LANGUAGE_STANDARD = "gnu++20";
				CLANG_ENABLE_MODULES = YES;
				CLANG_ENABLE_OBJC_ARC = YES;
				CLANG_ENABLE_OBJC_WEAK = YES;
				CLANG_WARN_BLOCK_CAPTURE_AUTORELEASING = YES;
				CLANG_WARN_BOOL_CONVERSION = YES;
				CLANG_WARN_COMMA = YES;
				CLANG_WARN_CONSTANT_CONVERSION = YES;
				CLANG_WARN_DEPRECATED_OBJC_IMPLEMENTATIONS = YES;
				CLANG_WARN_DIRECT_OBJC_ISA_USAGE = YES_ERROR;
				CLANG_WARN_DOCUMENTATION_COMMENTS = YES;
				CLANG_WARN_EMPTY_BODY = YES;
				CLANG_WARN_ENUM_CONVERSION = YES;
				CLANG_WARN_INFINITE_RECURSION = YES;
				CLANG_WARN_INT_CONVERSION = YES;
				CLANG_WARN_NON_LITERAL_NULL_CONVERSION = YES;
				CLANG_WARN_OBJC_IMPLICIT_RETAIN_SELF = YES;
				CLANG_WARN_OBJC_LITERAL_CONVERSION = YES;
				CLANG_WARN_OBJC_ROOT_CLASS = YES_ERROR;
				CLANG_WARN_QUOTED_INCLUDE_IN_FRAMEWORK_HEADER = YES;
				CLANG_WARN_RANGE_LOOP_ANALYSIS = YES;
				CLANG_WARN_STRICT_PROTOTYPES = YES;
				CLANG_WARN_SUSPICIOUS_MOVE = YES;
				CLANG_WARN_UNGUARDED_AVAILABILITY = YES_AGGRESSIVE;
				CLANG_WARN_UNREACHABLE_CODE = YES;
				CLANG_WARN__DUPLICATE_METHOD_MATCH = YES;
				COPY_PHASE_STRIP = NO;
				DEBUG_INFORMATION_FORMAT = dwarf;
				ENABLE_STRICT_OBJC_MSGSEND = YES;
				ENABLE_TESTABILITY = YES;
				ENABLE_USER_SCRIPT_SANDBOXING = YES;
				GCC_C_LANGUAGE_STANDARD = gnu17;
				GCC_DYNAMIC_NO_PIC = NO;
				GCC_NO_COMMON_BLOCKS = YES;
				GCC_OPTIMIZATION_LEVEL = 0;
				GCC_PREPROCESSOR_DEFINITIONS = (
					"DEBUG=1",
					"$(inherited)",
				);
				GCC_WARN_64_TO_32_BIT_CONVERSION = YES;
				GCC_WARN_ABOUT_RETURN_TYPE = YES_ERROR;
				GCC_WARN_UNDECLARED_SELECTOR = YES;
				GCC_WARN_UNINITIALIZED_AUTOS = YES_AGGRESSIVE;
				GCC_WARN_UNUSED_FUNCTION = YES;
				GCC_WARN_UNUSED_VARIABLE = YES;
				IPHONEOS_DEPLOYMENT_TARGET = 17.0;
				LOCALIZATION_PREFERS_STRING_CATALOGS = YES;
				MTL_ENABLE_DEBUG_INFO = INCLUDE_SOURCE;
				MTL_FAST_MATH = YES;
				ONLY_ACTIVE_ARCH = YES;
				SDKROOT = iphoneos;
				SWIFT_ACTIVE_COMPILATION_CONDITIONS = "DEBUG $(inherited)";
				SWIFT_OPTIMIZATION_LEVEL = "-Onone";
			};
			name = Debug;
		};
		A785B5542AE1C3A2002E1D1F /* Release */ = {
			isa = XCBuildConfiguration;
			buildSettings = {
				ALWAYS_SEARCH_USER_PATHS = NO;
				ASSETCATALOG_COMPILER_GENERATE_SWIFT_ASSET_SYMBOL_EXTENSIONS = YES;
				CLANG_ANALYZER_NONNULL = YES;
				CLANG_ANALYZER_NUMBER_OBJECT_CONVERSION = YES_AGGRESSIVE;
				CLANG_CXX_LANGUAGE_STANDARD = "gnu++20";
				CLANG_ENABLE_MODULES = YES;
				CLANG_ENABLE_OBJC_ARC = YES;
				CLANG_ENABLE_OBJC_WEAK = YES;
				CLANG_WARN_BLOCK_CAPTURE_AUTORELEASING = YES;
				CLANG_WARN_BOOL_CONVERSION = YES;
				CLANG_WARN_COMMA = YES;
				CLANG_WARN_CONSTANT_CONVERSION = YES;
				CLANG_WARN_DEPRECATED_OBJC_IMPLEMENTATIONS = YES;
				CLANG_WARN_DIRECT_OBJC_ISA_USAGE = YES_ERROR;
				CLANG_WARN_DOCUMENTATION_COMMENTS = YES;
				CLANG_WARN_EMPTY_BODY = YES;
				CLANG_WARN_ENUM_CONVERSION = YES;
				CLANG_WARN_INFINITE_RECURSION = YES;
				CLANG_WARN_INT_CONVERSION = YES;
				CLANG_WARN_NON_LITERAL_NULL_CONVERSION = YES;
				CLANG_WARN_OBJC_IMPLICIT_RETAIN_SELF = YES;
				CLANG_WARN_OBJC_LITERAL_CONVERSION = YES;
				CLANG_WARN_OBJC_ROOT_CLASS = YES_ERROR;
				CLANG_WARN_QUOTED_INCLUDE_IN_FRAMEWORK_HEADER = YES;
				CLANG_WARN_RANGE_LOOP_ANALYSIS = YES;
				CLANG_WARN_STRICT_PROTOTYPES = YES;
				CLANG_WARN_SUSPICIOUS_MOVE = YES;
				CLANG_WARN_UNGUARDED_AVAILABILITY = YES_AGGRESSIVE;
				CLANG_WARN_UNREACHABLE_CODE = YES;
				CLANG_WARN__DUPLICATE_METHOD_MATCH = YES;
				COPY_PHASE_STRIP = NO;
				DEBUG_INFORMATION_FORMAT = "dwarf-with-dsym";
				ENABLE_NS_ASSERTIONS = NO;
				ENABLE_STRICT_OBJC_MSGSEND = YES;
				ENABLE_USER_SCRIPT_SANDBOXING = YES;
				GCC_C_LANGUAGE_STANDARD = gnu17;
				GCC_NO_COMMON_BLOCKS = YES;
				GCC_WARN_64_TO_32_BIT_CONVERSION = YES;
				GCC_WARN_ABOUT_RETURN_TYPE = YES_ERROR;
				GCC_WARN_UNDECLARED_SELECTOR = YES;
				GCC_WARN_UNINITIALIZED_AUTOS = YES_AGGRESSIVE;
				GCC_WARN_UNUSED_FUNCTION = YES;
				GCC_WARN_UNUSED_VARIABLE = YES;
				IPHONEOS_DEPLOYMENT_TARGET = 17.0;
				LOCALIZATION_PREFERS_STRING_CATALOGS = YES;
				MTL_ENABLE_DEBUG_INFO = NO;
				MTL_FAST_MATH = YES;
				SDKROOT = iphoneos;
				SWIFT_COMPILATION_MODE = wholemodule;
				VALIDATE_PRODUCT = YES;
			};
			name = Release;
		};
		A785B5562AE1C3A2002E1D1F /* Debug */ = {
			isa = XCBuildConfiguration;
			buildSettings = {
				ASSETCATALOG_COMPILER_APPICON_NAME = AppIcon;
				ASSETCATALOG_COMPILER_GLOBAL_ACCENT_COLOR_NAME = AccentColor;
				CODE_SIGN_ENTITLEMENTS = Gourmetus/Gourmetus.entitlements;
				CODE_SIGN_STYLE = Automatic;
				CURRENT_PROJECT_VERSION = 1;
				DEVELOPMENT_ASSET_PATHS = "\"Gourmetus/Preview Content\"";
				ENABLE_PREVIEWS = YES;
				GENERATE_INFOPLIST_FILE = YES;
				INFOPLIST_FILE = Gourmetus/Info.plist;
				INFOPLIST_KEY_UIApplicationSceneManifest_Generation = YES;
				INFOPLIST_KEY_UIApplicationSupportsIndirectInputEvents = YES;
				INFOPLIST_KEY_UILaunchScreen_Generation = YES;
				INFOPLIST_KEY_UISupportedInterfaceOrientations_iPad = "UIInterfaceOrientationPortrait UIInterfaceOrientationPortraitUpsideDown UIInterfaceOrientationLandscapeLeft UIInterfaceOrientationLandscapeRight";
				INFOPLIST_KEY_UISupportedInterfaceOrientations_iPhone = "UIInterfaceOrientationPortrait UIInterfaceOrientationLandscapeLeft UIInterfaceOrientationLandscapeRight";
				LD_RUNPATH_SEARCH_PATHS = (
					"$(inherited)",
					"@executable_path/Frameworks",
				);
				MARKETING_VERSION = 1.0;
				PRODUCT_BUNDLE_IDENTIFIER = com.dev.Gourmetus;
				PRODUCT_NAME = "$(TARGET_NAME)";
				SWIFT_EMIT_LOC_STRINGS = YES;
				SWIFT_VERSION = 5.0;
				TARGETED_DEVICE_FAMILY = "1,2";
			};
			name = Debug;
		};
		A785B5572AE1C3A2002E1D1F /* Release */ = {
			isa = XCBuildConfiguration;
			buildSettings = {
				ASSETCATALOG_COMPILER_APPICON_NAME = AppIcon;
				ASSETCATALOG_COMPILER_GLOBAL_ACCENT_COLOR_NAME = AccentColor;
				CODE_SIGN_ENTITLEMENTS = Gourmetus/Gourmetus.entitlements;
				CODE_SIGN_STYLE = Automatic;
				CURRENT_PROJECT_VERSION = 1;
				DEVELOPMENT_ASSET_PATHS = "\"Gourmetus/Preview Content\"";
				ENABLE_PREVIEWS = YES;
				GENERATE_INFOPLIST_FILE = YES;
				INFOPLIST_FILE = Gourmetus/Info.plist;
				INFOPLIST_KEY_UIApplicationSceneManifest_Generation = YES;
				INFOPLIST_KEY_UIApplicationSupportsIndirectInputEvents = YES;
				INFOPLIST_KEY_UILaunchScreen_Generation = YES;
				INFOPLIST_KEY_UISupportedInterfaceOrientations_iPad = "UIInterfaceOrientationPortrait UIInterfaceOrientationPortraitUpsideDown UIInterfaceOrientationLandscapeLeft UIInterfaceOrientationLandscapeRight";
				INFOPLIST_KEY_UISupportedInterfaceOrientations_iPhone = "UIInterfaceOrientationPortrait UIInterfaceOrientationLandscapeLeft UIInterfaceOrientationLandscapeRight";
				LD_RUNPATH_SEARCH_PATHS = (
					"$(inherited)",
					"@executable_path/Frameworks",
				);
				MARKETING_VERSION = 1.0;
				PRODUCT_BUNDLE_IDENTIFIER = com.dev.Gourmetus;
				PRODUCT_NAME = "$(TARGET_NAME)";
				SWIFT_EMIT_LOC_STRINGS = YES;
				SWIFT_VERSION = 5.0;
				TARGETED_DEVICE_FAMILY = "1,2";
			};
			name = Release;
		};
/* End XCBuildConfiguration section */

/* Begin XCConfigurationList section */
		A785B53B2AE1C3A0002E1D1F /* Build configuration list for PBXProject "Gourmetus" */ = {
			isa = XCConfigurationList;
			buildConfigurations = (
				A785B5532AE1C3A2002E1D1F /* Debug */,
				A785B5542AE1C3A2002E1D1F /* Release */,
			);
			defaultConfigurationIsVisible = 0;
			defaultConfigurationName = Release;
		};
		A785B5552AE1C3A2002E1D1F /* Build configuration list for PBXNativeTarget "Gourmetus" */ = {
			isa = XCConfigurationList;
			buildConfigurations = (
				A785B5562AE1C3A2002E1D1F /* Debug */,
				A785B5572AE1C3A2002E1D1F /* Release */,
			);
			defaultConfigurationIsVisible = 0;
			defaultConfigurationName = Release;
		};
/* End XCConfigurationList section */

/* Begin XCVersionGroup section */
		A7F16B182AE832DA00F3ADF3 /* Gourmetus.xcdatamodeld */ = {
			isa = XCVersionGroup;
			children = (
				A7F16B192AE832DA00F3ADF3 /* Gourmetus.xcdatamodel */,
			);
			currentVersion = A7F16B192AE832DA00F3ADF3 /* Gourmetus.xcdatamodel */;
			path = Gourmetus.xcdatamodeld;
			sourceTree = "<group>";
			versionGroupType = wrapper.xcdatamodel;
		};
/* End XCVersionGroup section */
	};
	rootObject = A785B5382AE1C3A0002E1D1F /* Project object */;
}
